
Microsoft Visual Studio Solution File, Format Version 12.00
# Visual Studio Version 16
VisualStudioVersion = 16.0.30011.22
MinimumVisualStudioVersion = 10.0.40219.1
Project("{FAE04EC0-301F-11D3-BF4B-00C04F79EFBC}") = "RestauranteApp.UWP", "RestauranteApp\RestauranteApp.UWP\RestauranteApp.UWP.csproj", "{4D814FDC-74DE-433D-B288-C99297348EB3}"
EndProject
Project("{FAE04EC0-301F-11D3-BF4B-00C04F79EFBC}") = "RestauranteApp.Android", "RestauranteApp\RestauranteApp.Android\RestauranteApp.Android.csproj", "{7C9B46A4-8BC4-412A-8682-E46F68BA02D2}"
EndProject
Project("{FAE04EC0-301F-11D3-BF4B-00C04F79EFBC}") = "RestauranteApp.iOS", "RestauranteApp\RestauranteApp.iOS\RestauranteApp.iOS.csproj", "{B77775EA-98FB-4D49-B775-04836B62D819}"
EndProject
Project("{FAE04EC0-301F-11D3-BF4B-00C04F79EFBC}") = "RestauranteApp", "RestauranteApp\RestauranteApp\RestauranteApp.csproj", "{272EB0B5-C7D4-49DE-8D9A-3D42FD218877}"
EndProject
Global
	GlobalSection(SolutionConfigurationPlatforms) = preSolution
		Debug|Any CPU = Debug|Any CPU
		Debug|ARM = Debug|ARM
		Debug|iPhone = Debug|iPhone
		Debug|iPhoneSimulator = Debug|iPhoneSimulator
		Debug|x64 = Debug|x64
		Debug|x86 = Debug|x86
		Release|Any CPU = Release|Any CPU
		Release|ARM = Release|ARM
		Release|iPhone = Release|iPhone
		Release|iPhoneSimulator = Release|iPhoneSimulator
		Release|x64 = Release|x64
		Release|x86 = Release|x86
	EndGlobalSection
	GlobalSection(ProjectConfigurationPlatforms) = postSolution
		{4D814FDC-74DE-433D-B288-C99297348EB3}.Debug|Any CPU.ActiveCfg = Debug|x86
		{4D814FDC-74DE-433D-B288-C99297348EB3}.Debug|Any CPU.Build.0 = Debug|x86
		{4D814FDC-74DE-433D-B288-C99297348EB3}.Debug|Any CPU.Deploy.0 = Debug|x86
		{4D814FDC-74DE-433D-B288-C99297348EB3}.Debug|ARM.ActiveCfg = Debug|ARM
		{4D814FDC-74DE-433D-B288-C99297348EB3}.Debug|ARM.Build.0 = Debug|ARM
		{4D814FDC-74DE-433D-B288-C99297348EB3}.Debug|ARM.Deploy.0 = Debug|ARM
		{4D814FDC-74DE-433D-B288-C99297348EB3}.Debug|iPhone.ActiveCfg = Debug|x86
		{4D814FDC-74DE-433D-B288-C99297348EB3}.Debug|iPhone.Build.0 = Debug|x86
		{4D814FDC-74DE-433D-B288-C99297348EB3}.Debug|iPhone.Deploy.0 = Debug|x86
		{4D814FDC-74DE-433D-B288-C99297348EB3}.Debug|iPhoneSimulator.ActiveCfg = Debug|x86
		{4D814FDC-74DE-433D-B288-C99297348EB3}.Debug|iPhoneSimulator.Build.0 = Debug|x86
		{4D814FDC-74DE-433D-B288-C99297348EB3}.Debug|iPhoneSimulator.Deploy.0 = Debug|x86
		{4D814FDC-74DE-433D-B288-C99297348EB3}.Debug|x64.ActiveCfg = Debug|x64
		{4D814FDC-74DE-433D-B288-C99297348EB3}.Debug|x64.Build.0 = Debug|x64
		{4D814FDC-74DE-433D-B288-C99297348EB3}.Debug|x64.Deploy.0 = Debug|x64
		{4D814FDC-74DE-433D-B288-C99297348EB3}.Debug|x86.ActiveCfg = Debug|x86
		{4D814FDC-74DE-433D-B288-C99297348EB3}.Debug|x86.Build.0 = Debug|x86
		{4D814FDC-74DE-433D-B288-C99297348EB3}.Debug|x86.Deploy.0 = Debug|x86
		{4D814FDC-74DE-433D-B288-C99297348EB3}.Release|Any CPU.ActiveCfg = Release|x86
		{4D814FDC-74DE-433D-B288-C99297348EB3}.Release|Any CPU.Build.0 = Release|x86
		{4D814FDC-74DE-433D-B288-C99297348EB3}.Release|Any CPU.Deploy.0 = Release|x86
		{4D814FDC-74DE-433D-B288-C99297348EB3}.Release|ARM.ActiveCfg = Release|ARM
		{4D814FDC-74DE-433D-B288-C99297348EB3}.Release|ARM.Build.0 = Release|ARM
		{4D814FDC-74DE-433D-B288-C99297348EB3}.Release|ARM.Deploy.0 = Release|ARM
		{4D814FDC-74DE-433D-B288-C99297348EB3}.Release|iPhone.ActiveCfg = Release|x86
		{4D814FDC-74DE-433D-B288-C99297348EB3}.Release|iPhone.Build.0 = Release|x86
		{4D814FDC-74DE-433D-B288-C99297348EB3}.Release|iPhone.Deploy.0 = Release|x86
		{4D814FDC-74DE-433D-B288-C99297348EB3}.Release|iPhoneSimulator.ActiveCfg = Release|x86
		{4D814FDC-74DE-433D-B288-C99297348EB3}.Release|iPhoneSimulator.Build.0 = Release|x86
		{4D814FDC-74DE-433D-B288-C99297348EB3}.Release|iPhoneSimulator.Deploy.0 = Release|x86
		{4D814FDC-74DE-433D-B288-C99297348EB3}.Release|x64.ActiveCfg = Release|x64
		{4D814FDC-74DE-433D-B288-C99297348EB3}.Release|x64.Build.0 = Release|x64
		{4D814FDC-74DE-433D-B288-C99297348EB3}.Release|x64.Deploy.0 = Release|x64
		{4D814FDC-74DE-433D-B288-C99297348EB3}.Release|x86.ActiveCfg = Release|x86
		{4D814FDC-74DE-433D-B288-C99297348EB3}.Release|x86.Build.0 = Release|x86
		{4D814FDC-74DE-433D-B288-C99297348EB3}.Release|x86.Deploy.0 = Release|x86
		{7C9B46A4-8BC4-412A-8682-E46F68BA02D2}.Debug|Any CPU.ActiveCfg = Debug|Any CPU
		{7C9B46A4-8BC4-412A-8682-E46F68BA02D2}.Debug|Any CPU.Build.0 = Debug|Any CPU
		{7C9B46A4-8BC4-412A-8682-E46F68BA02D2}.Debug|Any CPU.Deploy.0 = Debug|Any CPU
		{7C9B46A4-8BC4-412A-8682-E46F68BA02D2}.Debug|ARM.ActiveCfg = Debug|Any CPU
		{7C9B46A4-8BC4-412A-8682-E46F68BA02D2}.Debug|ARM.Build.0 = Debug|Any CPU
		{7C9B46A4-8BC4-412A-8682-E46F68BA02D2}.Debug|ARM.Deploy.0 = Debug|Any CPU
		{7C9B46A4-8BC4-412A-8682-E46F68BA02D2}.Debug|iPhone.ActiveCfg = Debug|Any CPU
		{7C9B46A4-8BC4-412A-8682-E46F68BA02D2}.Debug|iPhone.Build.0 = Debug|Any CPU
		{7C9B46A4-8BC4-412A-8682-E46F68BA02D2}.Debug|iPhone.Deploy.0 = Debug|Any CPU
		{7C9B46A4-8BC4-412A-8682-E46F68BA02D2}.Debug|iPhoneSimulator.ActiveCfg = Debug|Any CPU
		{7C9B46A4-8BC4-412A-8682-E46F68BA02D2}.Debug|iPhoneSimulator.Build.0 = Debug|Any CPU
		{7C9B46A4-8BC4-412A-8682-E46F68BA02D2}.Debug|iPhoneSimulator.Deploy.0 = Debug|Any CPU
		{7C9B46A4-8BC4-412A-8682-E46F68BA02D2}.Debug|x64.ActiveCfg = Debug|Any CPU
		{7C9B46A4-8BC4-412A-8682-E46F68BA02D2}.Debug|x64.Build.0 = Debug|Any CPU
		{7C9B46A4-8BC4-412A-8682-E46F68BA02D2}.Debug|x64.Deploy.0 = Debug|Any CPU
		{7C9B46A4-8BC4-412A-8682-E46F68BA02D2}.Debug|x86.ActiveCfg = Debug|Any CPU
		{7C9B46A4-8BC4-412A-8682-E46F68BA02D2}.Debug|x86.Build.0 = Debug|Any CPU
		{7C9B46A4-8BC4-412A-8682-E46F68BA02D2}.Debug|x86.Deploy.0 = Debug|Any CPU
		{7C9B46A4-8BC4-412A-8682-E46F68BA02D2}.Release|Any CPU.ActiveCfg = Release|Any CPU
		{7C9B46A4-8BC4-412A-8682-E46F68BA02D2}.Release|Any CPU.Build.0 = Release|Any CPU
		{7C9B46A4-8BC4-412A-8682-E46F68BA02D2}.Release|Any CPU.Deploy.0 = Release|Any CPU
		{7C9B46A4-8BC4-412A-8682-E46F68BA02D2}.Release|ARM.ActiveCfg = Release|Any CPU
		{7C9B46A4-8BC4-412A-8682-E46F68BA02D2}.Release|ARM.Build.0 = Release|Any CPU
		{7C9B46A4-8BC4-412A-8682-E46F68BA02D2}.Release|ARM.Deploy.0 = Release|Any CPU
		{7C9B46A4-8BC4-412A-8682-E46F68BA02D2}.Release|iPhone.ActiveCfg = Release|Any CPU
		{7C9B46A4-8BC4-412A-8682-E46F68BA02D2}.Release|iPhone.Build.0 = Release|Any CPU
		{7C9B46A4-8BC4-412A-8682-E46F68BA02D2}.Release|iPhone.Deploy.0 = Release|Any CPU
		{7C9B46A4-8BC4-412A-8682-E46F68BA02D2}.Release|iPhoneSimulator.ActiveCfg = Release|Any CPU
		{7C9B46A4-8BC4-412A-8682-E46F68BA02D2}.Release|iPhoneSimulator.Build.0 = Release|Any CPU
		{7C9B46A4-8BC4-412A-8682-E46F68BA02D2}.Release|iPhoneSimulator.Deploy.0 = Release|Any CPU
		{7C9B46A4-8BC4-412A-8682-E46F68BA02D2}.Release|x64.ActiveCfg = Release|Any CPU
		{7C9B46A4-8BC4-412A-8682-E46F68BA02D2}.Release|x64.Build.0 = Release|Any CPU
		{7C9B46A4-8BC4-412A-8682-E46F68BA02D2}.Release|x64.Deploy.0 = Release|Any CPU
		{7C9B46A4-8BC4-412A-8682-E46F68BA02D2}.Release|x86.ActiveCfg = Release|Any CPU
		{7C9B46A4-8BC4-412A-8682-E46F68BA02D2}.Release|x86.Build.0 = Release|Any CPU
		{7C9B46A4-8BC4-412A-8682-E46F68BA02D2}.Release|x86.Deploy.0 = Release|Any CPU
		{B77775EA-98FB-4D49-B775-04836B62D819}.Debug|Any CPU.ActiveCfg = Debug|iPhone
		{B77775EA-98FB-4D49-B775-04836B62D819}.Debug|Any CPU.Build.0 = Debug|iPhone
		{B77775EA-98FB-4D49-B775-04836B62D819}.Debug|Any CPU.Deploy.0 = Debug|iPhone
		{B77775EA-98FB-4D49-B775-04836B62D819}.Debug|ARM.ActiveCfg = Debug|iPhone
		{B77775EA-98FB-4D49-B775-04836B62D819}.Debug|ARM.Build.0 = Debug|iPhone
		{B77775EA-98FB-4D49-B775-04836B62D819}.Debug|ARM.Deploy.0 = Debug|iPhone
		{B77775EA-98FB-4D49-B775-04836B62D819}.Debug|iPhone.ActiveCfg = Debug|iPhone
		{B77775EA-98FB-4D49-B775-04836B62D819}.Debug|iPhone.Build.0 = Debug|iPhone
		{B77775EA-98FB-4D49-B775-04836B62D819}.Debug|iPhone.Deploy.0 = Debug|iPhone
		{B77775EA-98FB-4D49-B775-04836B62D819}.Debug|iPhoneSimulator.ActiveCfg = Debug|iPhoneSimulator
		{B77775EA-98FB-4D49-B775-04836B62D819}.Debug|iPhoneSimulator.Build.0 = Debug|iPhoneSimulator
		{B77775EA-98FB-4D49-B775-04836B62D819}.Debug|iPhoneSimulator.Deploy.0 = Debug|iPhoneSimulator
		{B77775EA-98FB-4D49-B775-04836B62D819}.Debug|x64.ActiveCfg = Debug|iPhone
		{B77775EA-98FB-4D49-B775-04836B62D819}.Debug|x64.Build.0 = Debug|iPhone
		{B77775EA-98FB-4D49-B775-04836B62D819}.Debug|x64.Deploy.0 = Debug|iPhone
		{B77775EA-98FB-4D49-B775-04836B62D819}.Debug|x86.ActiveCfg = Debug|iPhone
		{B77775EA-98FB-4D49-B775-04836B62D819}.Debug|x86.Build.0 = Debug|iPhone
		{B77775EA-98FB-4D49-B775-04836B62D819}.Debug|x86.Deploy.0 = Debug|iPhone
		{B77775EA-98FB-4D49-B775-04836B62D819}.Release|Any CPU.ActiveCfg = Release|iPhone
		{B77775EA-98FB-4D49-B775-04836B62D819}.Release|Any CPU.Build.0 = Release|iPhone
		{B77775EA-98FB-4D49-B775-04836B62D819}.Release|Any CPU.Deploy.0 = Release|iPhone
		{B77775EA-98FB-4D49-B775-04836B62D819}.Release|ARM.ActiveCfg = Release|iPhone
		{B77775EA-98FB-4D49-B775-04836B62D819}.Release|ARM.Build.0 = Release|iPhone
		{B77775EA-98FB-4D49-B775-04836B62D819}.Release|ARM.Deploy.0 = Release|iPhone
		{B77775EA-98FB-4D49-B775-04836B62D819}.Release|iPhone.ActiveCfg = Release|iPhone
		{B77775EA-98FB-4D49-B775-04836B62D819}.Release|iPhone.Build.0 = Release|iPhone
		{B77775EA-98FB-4D49-B775-04836B62D819}.Release|iPhone.Deploy.0 = Release|iPhone
		{B77775EA-98FB-4D49-B775-04836B62D819}.Release|iPhoneSimulator.ActiveCfg = Release|iPhoneSimulator
		{B77775EA-98FB-4D49-B775-04836B62D819}.Release|iPhoneSimulator.Build.0 = Release|iPhoneSimulator
		{B77775EA-98FB-4D49-B775-04836B62D819}.Release|iPhoneSimulator.Deploy.0 = Release|iPhoneSimulator
		{B77775EA-98FB-4D49-B775-04836B62D819}.Release|x64.ActiveCfg = Release|iPhone
		{B77775EA-98FB-4D49-B775-04836B62D819}.Release|x64.Build.0 = Release|iPhone
		{B77775EA-98FB-4D49-B775-04836B62D819}.Release|x64.Deploy.0 = Release|iPhone
		{B77775EA-98FB-4D49-B775-04836B62D819}.Release|x86.ActiveCfg = Release|iPhone
		{B77775EA-98FB-4D49-B775-04836B62D819}.Release|x86.Build.0 = Release|iPhone
		{B77775EA-98FB-4D49-B775-04836B62D819}.Release|x86.Deploy.0 = Release|iPhone
		{272EB0B5-C7D4-49DE-8D9A-3D42FD218877}.Debug|Any CPU.ActiveCfg = Debug|Any CPU
		{272EB0B5-C7D4-49DE-8D9A-3D42FD218877}.Debug|Any CPU.Build.0 = Debug|Any CPU
		{272EB0B5-C7D4-49DE-8D9A-3D42FD218877}.Debug|Any CPU.Deploy.0 = Debug|Any CPU
		{272EB0B5-C7D4-49DE-8D9A-3D42FD218877}.Debug|ARM.ActiveCfg = Debug|Any CPU
		{272EB0B5-C7D4-49DE-8D9A-3D42FD218877}.Debug|ARM.Build.0 = Debug|Any CPU
		{272EB0B5-C7D4-49DE-8D9A-3D42FD218877}.Debug|ARM.Deploy.0 = Debug|Any CPU
		{272EB0B5-C7D4-49DE-8D9A-3D42FD218877}.Debug|iPhone.ActiveCfg = Debug|Any CPU
		{272EB0B5-C7D4-49DE-8D9A-3D42FD218877}.Debug|iPhone.Build.0 = Debug|Any CPU
		{272EB0B5-C7D4-49DE-8D9A-3D42FD218877}.Debug|iPhone.Deploy.0 = Debug|Any CPU
		{272EB0B5-C7D4-49DE-8D9A-3D42FD218877}.Debug|iPhoneSimulator.ActiveCfg = Debug|Any CPU
		{272EB0B5-C7D4-49DE-8D9A-3D42FD218877}.Debug|iPhoneSimulator.Build.0 = Debug|Any CPU
		{272EB0B5-C7D4-49DE-8D9A-3D42FD218877}.Debug|iPhoneSimulator.Deploy.0 = Debug|Any CPU
		{272EB0B5-C7D4-49DE-8D9A-3D42FD218877}.Debug|x64.ActiveCfg = Debug|Any CPU
		{272EB0B5-C7D4-49DE-8D9A-3D42FD218877}.Debug|x64.Build.0 = Debug|Any CPU
		{272EB0B5-C7D4-49DE-8D9A-3D42FD218877}.Debug|x64.Deploy.0 = Debug|Any CPU
		{272EB0B5-C7D4-49DE-8D9A-3D42FD218877}.Debug|x86.ActiveCfg = Debug|Any CPU
		{272EB0B5-C7D4-49DE-8D9A-3D42FD218877}.Debug|x86.Build.0 = Debug|Any CPU
		{272EB0B5-C7D4-49DE-8D9A-3D42FD218877}.Debug|x86.Deploy.0 = Debug|Any CPU
		{272EB0B5-C7D4-49DE-8D9A-3D42FD218877}.Release|Any CPU.ActiveCfg = Release|Any CPU
		{272EB0B5-C7D4-49DE-8D9A-3D42FD218877}.Release|Any CPU.Build.0 = Release|Any CPU
		{272EB0B5-C7D4-49DE-8D9A-3D42FD218877}.Release|Any CPU.Deploy.0 = Release|Any CPU
		{272EB0B5-C7D4-49DE-8D9A-3D42FD218877}.Release|ARM.ActiveCfg = Release|Any CPU
		{272EB0B5-C7D4-49DE-8D9A-3D42FD218877}.Release|ARM.Build.0 = Release|Any CPU
		{272EB0B5-C7D4-49DE-8D9A-3D42FD218877}.Release|ARM.Deploy.0 = Release|Any CPU
		{272EB0B5-C7D4-49DE-8D9A-3D42FD218877}.Release|iPhone.ActiveCfg = Release|Any CPU
		{272EB0B5-C7D4-49DE-8D9A-3D42FD218877}.Release|iPhone.Build.0 = Release|Any CPU
		{272EB0B5-C7D4-49DE-8D9A-3D42FD218877}.Release|iPhone.Deploy.0 = Release|Any CPU
		{272EB0B5-C7D4-49DE-8D9A-3D42FD218877}.Release|iPhoneSimulator.ActiveCfg = Release|Any CPU
		{272EB0B5-C7D4-49DE-8D9A-3D42FD218877}.Release|iPhoneSimulator.Build.0 = Release|Any CPU
		{272EB0B5-C7D4-49DE-8D9A-3D42FD218877}.Release|iPhoneSimulator.Deploy.0 = Release|Any CPU
		{272EB0B5-C7D4-49DE-8D9A-3D42FD218877}.Release|x64.ActiveCfg = Release|Any CPU
		{272EB0B5-C7D4-49DE-8D9A-3D42FD218877}.Release|x64.Build.0 = Release|Any CPU
		{272EB0B5-C7D4-49DE-8D9A-3D42FD218877}.Release|x64.Deploy.0 = Release|Any CPU
		{272EB0B5-C7D4-49DE-8D9A-3D42FD218877}.Release|x86.ActiveCfg = Release|Any CPU
		{272EB0B5-C7D4-49DE-8D9A-3D42FD218877}.Release|x86.Build.0 = Release|Any CPU
		{272EB0B5-C7D4-49DE-8D9A-3D42FD218877}.Release|x86.Deploy.0 = Release|Any CPU
	EndGlobalSection
	GlobalSection(SolutionProperties) = preSolution
		HideSolutionNode = FALSE
	EndGlobalSection
	GlobalSection(ExtensibilityGlobals) = postSolution
		SolutionGuid = {9C179842-22CB-4291-9937-2C70A0D25508}
	EndGlobalSection
EndGlobal
